
Microsoft Visual Studio Solution File, Format Version 12.00
# Visual Studio Version 17
VisualStudioVersion = 17.8.34322.80
MinimumVisualStudioVersion = 10.0.40219.1
Project("{FAE04EC0-301F-11D3-BF4B-00C04F79EFBC}") = "FileExplorer.Api", "FileExplorer.Api\FileExplorer.Api.csproj", "{DFAE26B1-826B-44A4-806A-E5B779313886}"
EndProject
Project("{FAE04EC0-301F-11D3-BF4B-00C04F79EFBC}") = "FileExplorer.Application", "FileExplorer.Application\FileExplorer.Application.csproj", "{CE839F05-517C-4123-B49A-2D93A797BD62}"
EndProject
Project("{FAE04EC0-301F-11D3-BF4B-00C04F79EFBC}") = "FileExplorer.Infrastructure", "FileExplorer.Infrastructure\FileExplorer.Infrastructure.csproj", "{490C7BC9-0309-4A53-877C-0E00EB5D4E23}"
EndProject
Global
	GlobalSection(SolutionConfigurationPlatforms) = preSolution
		Debug|Any CPU = Debug|Any CPU
		Release|Any CPU = Release|Any CPU
	EndGlobalSection
	GlobalSection(ProjectConfigurationPlatforms) = postSolution
		{DFAE26B1-826B-44A4-806A-E5B779313886}.Debug|Any CPU.ActiveCfg = Debug|Any CPU
		{DFAE26B1-826B-44A4-806A-E5B779313886}.Debug|Any CPU.Build.0 = Debug|Any CPU
		{DFAE26B1-826B-44A4-806A-E5B779313886}.Release|Any CPU.ActiveCfg = Release|Any CPU
		{DFAE26B1-826B-44A4-806A-E5B779313886}.Release|Any CPU.Build.0 = Release|Any CPU
		{CE839F05-517C-4123-B49A-2D93A797BD62}.Debug|Any CPU.ActiveCfg = Debug|Any CPU
		{CE839F05-517C-4123-B49A-2D93A797BD62}.Debug|Any CPU.Build.0 = Debug|Any CPU
		{CE839F05-517C-4123-B49A-2D93A797BD62}.Release|Any CPU.ActiveCfg = Release|Any CPU
		{CE839F05-517C-4123-B49A-2D93A797BD62}.Release|Any CPU.Build.0 = Release|Any CPU
		{490C7BC9-0309-4A53-877C-0E00EB5D4E23}.Debug|Any CPU.ActiveCfg = Debug|Any CPU
		{490C7BC9-0309-4A53-877C-0E00EB5D4E23}.Debug|Any CPU.Build.0 = Debug|Any CPU
		{490C7BC9-0309-4A53-877C-0E00EB5D4E23}.Release|Any CPU.ActiveCfg = Release|Any CPU
		{490C7BC9-0309-4A53-877C-0E00EB5D4E23}.Release|Any CPU.Build.0 = Release|Any CPU
	EndGlobalSection
	GlobalSection(SolutionProperties) = preSolution
		HideSolutionNode = FALSE
	EndGlobalSection
	GlobalSection(ExtensibilityGlobals) = postSolution
		SolutionGuid = {D50DCAC7-EA7B-4341-BEDD-A963D1E58F91}
	EndGlobalSection
EndGlobal
